<?xml version="1.0" encoding="utf-8"?>
<Project ToolsVersion="4.0" xmlns="http://schemas.microsoft.com/developer/msbuild/2003">
  <ItemGroup>
    <ClCompile Include="AstarMgr.cpp" />
    <ClCompile Include="Client.cpp" />
    <ClCompile Include="Device.cpp" />
    <ClCompile Include="Logo.cpp" />
    <ClCompile Include="MainGame.cpp" />
    <ClCompile Include="Monster.cpp" />
    <ClCompile Include="MultiTexture.cpp" />
    <ClCompile Include="MyTerrain.cpp" />
    <ClCompile Include="Obj.cpp" />
    <ClCompile Include="ObjMgr.cpp" />
    <ClCompile Include="pch.cpp" />
    <ClCompile Include="Player.cpp" />
    <ClCompile Include="Scene.cpp" />
    <ClCompile Include="SceneMgr.cpp" />
    <ClCompile Include="SingleTexture.cpp" />
    <ClCompile Include="Stage.cpp" />
    <ClCompile Include="Texture.cpp" />
    <ClCompile Include="TextureMgr.cpp" />
    <ClCompile Include="TimeMgr.cpp" />
    <ClCompile Include="Town.cpp" />
  </ItemGroup>
  <ItemGroup>
    <ClInclude Include="AstarMgr.h" />
    <ClInclude Include="Client.h" />
    <ClInclude Include="Device.h" />
    <ClInclude Include="framework.h" />
    <ClInclude Include="Logo.h" />
    <ClInclude Include="MainGame.h" />
    <ClInclude Include="Monster.h" />
    <ClInclude Include="MultiTexture.h" />
    <ClInclude Include="MyTerrain.h" />
    <ClInclude Include="Obj.h" />
    <ClInclude Include="ObjMgr.h" />
    <ClInclude Include="pch.h" />
    <ClInclude Include="Player.h" />
    <ClInclude Include="Resource.h" />
    <ClInclude Include="Scene.h" />
    <ClInclude Include="SceneMgr.h" />
    <ClInclude Include="SingleTexture.h" />
    <ClInclude Include="Stage.h" />
    <ClInclude Include="targetver.h" />
    <ClInclude Include="Texture.h" />
    <ClInclude Include="TextureMgr.h" />
    <ClInclude Include="TimeMgr.h" />
    <ClInclude Include="Town.h" />
  </ItemGroup>
  <ItemGroup>
    <ResourceCompile Include="Client.rc" />
  </ItemGroup>
  <ItemGroup>
    <Image Include="Client.ico" />
    <Image Include="small.ico" />
  </ItemGroup>
</Project>